
Microsoft Visual Studio Solution File, Format Version 12.00
# Visual Studio Version 16
VisualStudioVersion = 16.0.29001.49
MinimumVisualStudioVersion = 10.0.40219.1
Project("{FAE04EC0-301F-11D3-BF4B-00C04F79EFBC}") = "ZbW.ProgrAdv.NugetTestat", "ZbW.ProgrAdv.NugetTestat.csproj", "{751A476B-152F-41FA-8F54-FADD77D0577A}"
EndProject
Project("{FAE04EC0-301F-11D3-BF4B-00C04F79EFBC}") = "ZbW.ProgrAdv.NugetTestatTest", "..\ZbW.ProgrAdv.NugetTestatTest\ZbW.ProgrAdv.NugetTestatTest.csproj", "{67DF32FF-92CC-4D40-8A82-10B168638C0A}"
EndProject
Project("{FAE04EC0-301F-11D3-BF4B-00C04F79EFBC}") = "ZbW.ProgrAdv.NugetTestatTestConsole", "..\ConsoleApp3\ZbW.ProgrAdv.NugetTestatTestConsole.csproj", "{FA2219B4-E333-44A9-AA41-7215136D6017}"
	ProjectSection(ProjectDependencies) = postProject
		{751A476B-152F-41FA-8F54-FADD77D0577A} = {751A476B-152F-41FA-8F54-FADD77D0577A}
	EndProjectSection
EndProject
Project("{FAE04EC0-301F-11D3-BF4B-00C04F79EFBC}") = "ZbW.ProgAdv.NugetTestat.UnitTests", "..\ZbW.ProgAdv.NugetTestat.UnitTests\ZbW.ProgAdv.NugetTestat.UnitTests.csproj", "{5B614F27-06FB-49D4-B336-99370821AF5F}"
EndProject
Global
	GlobalSection(SolutionConfigurationPlatforms) = preSolution
		Debug|Any CPU = Debug|Any CPU
		Release|Any CPU = Release|Any CPU
	EndGlobalSection
	GlobalSection(ProjectConfigurationPlatforms) = postSolution
		{751A476B-152F-41FA-8F54-FADD77D0577A}.Debug|Any CPU.ActiveCfg = Debug|Any CPU
		{751A476B-152F-41FA-8F54-FADD77D0577A}.Debug|Any CPU.Build.0 = Debug|Any CPU
		{751A476B-152F-41FA-8F54-FADD77D0577A}.Release|Any CPU.ActiveCfg = Release|Any CPU
		{751A476B-152F-41FA-8F54-FADD77D0577A}.Release|Any CPU.Build.0 = Release|Any CPU
		{67DF32FF-92CC-4D40-8A82-10B168638C0A}.Debug|Any CPU.ActiveCfg = Debug|Any CPU
		{67DF32FF-92CC-4D40-8A82-10B168638C0A}.Debug|Any CPU.Build.0 = Debug|Any CPU
		{67DF32FF-92CC-4D40-8A82-10B168638C0A}.Release|Any CPU.ActiveCfg = Release|Any CPU
		{67DF32FF-92CC-4D40-8A82-10B168638C0A}.Release|Any CPU.Build.0 = Release|Any CPU
		{FA2219B4-E333-44A9-AA41-7215136D6017}.Debug|Any CPU.ActiveCfg = Debug|Any CPU
		{FA2219B4-E333-44A9-AA41-7215136D6017}.Debug|Any CPU.Build.0 = Debug|Any CPU
		{FA2219B4-E333-44A9-AA41-7215136D6017}.Release|Any CPU.ActiveCfg = Release|Any CPU
		{FA2219B4-E333-44A9-AA41-7215136D6017}.Release|Any CPU.Build.0 = Release|Any CPU
		{5B614F27-06FB-49D4-B336-99370821AF5F}.Debug|Any CPU.ActiveCfg = Debug|Any CPU
		{5B614F27-06FB-49D4-B336-99370821AF5F}.Debug|Any CPU.Build.0 = Debug|Any CPU
		{5B614F27-06FB-49D4-B336-99370821AF5F}.Release|Any CPU.ActiveCfg = Release|Any CPU
		{5B614F27-06FB-49D4-B336-99370821AF5F}.Release|Any CPU.Build.0 = Release|Any CPU
	EndGlobalSection
	GlobalSection(SolutionProperties) = preSolution
		HideSolutionNode = FALSE
	EndGlobalSection
	GlobalSection(ExtensibilityGlobals) = postSolution
		SolutionGuid = {7A781C1F-DCEB-4131-854B-BAB0D056F75D}
	EndGlobalSection
EndGlobal
